# This file is automatically @generated by Cargo.
# It is not intended for manual editing.
version = 4

[[package]]
name = "jlou"
version = "0.1.0"
dependencies = [
 "noargs",
 "nojson",
]

[[package]]
name = "noargs"
version = "0.4.2"
source = "registry+https://github.com/rust-lang/crates.io-index"
checksum = "9e5dc223a8d69eaeb19c31218a69a55112fe79965764430f092532aed848f1b8"

[[package]]
name = "nojson"
version = "0.3.8"
source = "registry+https://github.com/rust-lang/crates.io-index"
checksum = "a86b88848c0847cfa64a48ad5c776ed2dbb0cc8fe1241ab20939a101ff7e1465"
